
Microsoft Visual Studio Solution File, Format Version 12.00
# Visual Studio 2012
VisualStudioVersion = 15.0.27004.2009
MinimumVisualStudioVersion = 10.0.40219.1
Project("{FAE04EC0-301F-11D3-BF4B-00C04F79EFBC}") = "OptimalPathFinding", "OptimalPathFinding\OptimalPathFinding.csproj", "{BBF52560-5A52-4050-BF78-8B7F0CBE6AF0}"
EndProject
Global
	GlobalSection(SolutionConfigurationPlatforms) = preSolution
		Debug|Any CPU = Debug|Any CPU
		Release|Any CPU = Release|Any CPU
	EndGlobalSection
	GlobalSection(ProjectConfigurationPlatforms) = postSolution
		{BBF52560-5A52-4050-BF78-8B7F0CBE6AF0}.Debug|Any CPU.ActiveCfg = Debug|Any CPU
		{BBF52560-5A52-4050-BF78-8B7F0CBE6AF0}.Debug|Any CPU.Build.0 = Debug|Any CPU
		{BBF52560-5A52-4050-BF78-8B7F0CBE6AF0}.Release|Any CPU.ActiveCfg = Release|Any CPU
		{BBF52560-5A52-4050-BF78-8B7F0CBE6AF0}.Release|Any CPU.Build.0 = Release|Any CPU
	EndGlobalSection
	GlobalSection(SolutionProperties) = preSolution
		HideSolutionNode = FALSE
	EndGlobalSection
	GlobalSection(ExtensibilityGlobals) = postSolution
		SolutionGuid = {BBDAE1E1-AFB4-4C95-A4BF-8AD33E53CF32}
	EndGlobalSection
EndGlobal
